github.com/sypht-team/sypht-golang-client v0.0.0-20191003070317-36773dc621b1 h1:mEXtpFS8zRjXOxPv+Vb3T4jQ7jRByXy6eckHTp8FhiQ=
github.com/sypht-team/sypht-golang-client v0.0.0-20191003070317-36773dc621b1/go.mod h1:/PLtbjrB6rvjupUyeu6J14gvDRw5lt7exOF0P3vd4NY=
github.com/sypht-team/sypht-golang-client v0.0.0-20200303053935-36a725b39ddd h1:4TaAT10PFGTC1EAY/xnI4Lw+6Y5QnivlbpbTeDRSVkQ=
github.com/sypht-team/sypht-golang-client v0.0.0-20200303053935-36a725b39ddd/go.mod h1:/PLtbjrB6rvjupUyeu6J14gvDRw5lt7exOF0P3vd4NY=
